
Microsoft Visual Studio Solution File, Format Version 12.00
# Visual Studio 14
VisualStudioVersion = 14.0.25123.0
MinimumVisualStudioVersion = 10.0.40219.1
Project("{0E5CF2CF-9DF5-4DC9-BC0C-4D0D84E20243}") = "Sitecore.Support.328606", "Sitecore.Support.328606\Sitecore.Support.328606.csproj", "{C21D3DDF-38D3-44DF-8927-AD9E7B88B542}"
EndProject
Global
	GlobalSection(SolutionConfigurationPlatforms) = preSolution
		Debug|Any CPU = Debug|Any CPU
		Release|Any CPU = Release|Any CPU
	EndGlobalSection
	GlobalSection(ProjectConfigurationPlatforms) = postSolution
		{C21D3DDF-38D3-44DF-8927-AD9E7B88B542}.Debug|Any CPU.ActiveCfg = Debug|Any CPU
		{C21D3DDF-38D3-44DF-8927-AD9E7B88B542}.Debug|Any CPU.Build.0 = Debug|Any CPU
		{C21D3DDF-38D3-44DF-8927-AD9E7B88B542}.Release|Any CPU.ActiveCfg = Release|Any CPU
		{C21D3DDF-38D3-44DF-8927-AD9E7B88B542}.Release|Any CPU.Build.0 = Release|Any CPU
	EndGlobalSection
	GlobalSection(SolutionProperties) = preSolution
		HideSolutionNode = FALSE
	EndGlobalSection
EndGlobal
